
Microsoft Visual Studio Solution File, Format Version 12.00
# Visual Studio Version 17
VisualStudioVersion = 17.10.35122.118
MinimumVisualStudioVersion = 10.0.40219.1
Project("{2150E333-8FDC-42A3-9474-1A3956D46DE8}") = "Parking", "Parking", "{92F15184-527C-4033-AA18-362161B6E69C}"
EndProject
Project("{9A19103F-16F7-4668-BE54-9A1E7A4F7556}") = "Parking", "Parking\Parking.csproj", "{3B348AEA-B9E7-4D56-A140-5A6451BF4D57}"
EndProject
Project("{2150E333-8FDC-42A3-9474-1A3956D46DE8}") = "Hotel", "Hotel", "{7C561D9E-1916-48BE-A689-9397009179A2}"
EndProject
Project("{9A19103F-16F7-4668-BE54-9A1E7A4F7556}") = "Hotel", "Hotel\Hotel.csproj", "{5FADB7FD-B6DD-43F0-B281-1805F3A230E5}"
EndProject
Project("{2150E333-8FDC-42A3-9474-1A3956D46DE8}") = "SmartPhone", "SmartPhone", "{126F19CF-48D1-4CA7-9D75-CF339A832B70}"
EndProject
Project("{9A19103F-16F7-4668-BE54-9A1E7A4F7556}") = "SmartPhone", "SmartPhone\SmartPhone.csproj", "{0913C310-BD71-4EED-BD41-6327EDF22FD0}"
EndProject
Project("{2150E333-8FDC-42A3-9474-1A3956D46DE8}") = "BuildingRelationalQueries", "BuildingRelationalQueries", "{AA991EA6-E1C1-46A8-BB21-128FA239F2D8}"
	ProjectSection(SolutionItems) = preProject
		ScriptMovies.sql = ScriptMovies.sql
		SQLMovies.sql = SQLMovies.sql
	EndProjectSection
EndProject
Project("{2150E333-8FDC-42A3-9474-1A3956D46DE8}") = "TodoList", "TodoList", "{CF6C7DDE-5464-4A8B-8AB4-0C19528E5BA8}"
EndProject
Project("{9A19103F-16F7-4668-BE54-9A1E7A4F7556}") = "TodoList", "TodoList\TodoList.csproj", "{B6D4C57B-21F0-47DB-8F89-B6FF510E13BC}"
EndProject
Project("{2150E333-8FDC-42A3-9474-1A3956D46DE8}") = "MinimalApi", "MinimalApi", "{253F991C-A7CA-4078-9057-7EC45700842E}"
EndProject
Project("{9A19103F-16F7-4668-BE54-9A1E7A4F7556}") = "MinimalApi", "MinimalApi\Src\MinimalApi.csproj", "{806B2445-4172-4E67-AD13-DA812612ED2C}"
EndProject
Project("{2150E333-8FDC-42A3-9474-1A3956D46DE8}") = "CalculatingAssets", "CalculatingAssets", "{1E865531-E806-42EE-AA97-C3D82F18E00D}"
EndProject
Project("{9A19103F-16F7-4668-BE54-9A1E7A4F7556}") = "CalculatingAssets", "CalculatingAssets\CalculatingAssets.csproj", "{6A1E6AC1-4FC2-444B-9044-C42E71F7A3CA}"
EndProject
Project("{2150E333-8FDC-42A3-9474-1A3956D46DE8}") = "VolatilityAnalysisOfAnAsset", "VolatilityAnalysisOfAnAsset", "{91581861-30E8-4612-942E-54B047E326EC}"
EndProject
Project("{9A19103F-16F7-4668-BE54-9A1E7A4F7556}") = "VolatilityAnalysisOfAnAsset", "VolatilityAnalysisOfAnAsset\VolatilityAnalysisOfAnAsset.csproj", "{8D45DF33-6EA3-4824-9718-4DAF5A654577}"
EndProject
Project("{FAE04EC0-301F-11D3-BF4B-00C04F79EFBC}") = "MinimalApi.Test", "MinimalApi\Test\MinimalApi.Test\MinimalApi.Test.csproj", "{77D70BC2-13D7-4F4E-8E59-C8CC78C0B782}"
	ProjectSection(ProjectDependencies) = postProject
		{806B2445-4172-4E67-AD13-DA812612ED2C} = {806B2445-4172-4E67-AD13-DA812612ED2C}
	EndProjectSection
EndProject
Project("{2150E333-8FDC-42A3-9474-1A3956D46DE8}") = "UnitTestingChallenge", "UnitTestingChallenge", "{6BF9271C-BF56-42AC-A1A3-D1C65A83D513}"
EndProject
Project("{2150E333-8FDC-42A3-9474-1A3956D46DE8}") = "Src", "Src", "{57E62DCB-BCAE-4FDE-B5FF-D2118E2332E9}"
EndProject
Project("{2150E333-8FDC-42A3-9474-1A3956D46DE8}") = "Test", "Test", "{9637B828-28B3-4DA9-9AC4-5837F7595B0E}"
EndProject
Project("{FAE04EC0-301F-11D3-BF4B-00C04F79EFBC}") = "Unit.Tests.Challenge", "UnitTestingChallenge\Unit Tests.Challenge\Unit.Tests.Challenge.csproj", "{505DBD55-72B8-4503-AA74-B4EFA14B4D90}"
EndProject
Project("{FAE04EC0-301F-11D3-BF4B-00C04F79EFBC}") = "Unit.Tests.Challenge.Test", "UnitTestingChallenge\Unit.Tests.Challenge.Test\Unit.Tests.Challenge.Test.csproj", "{07C6724E-9A38-464D-A94F-BF7C9B8FF6F2}"
	ProjectSection(ProjectDependencies) = postProject
		{505DBD55-72B8-4503-AA74-B4EFA14B4D90} = {505DBD55-72B8-4503-AA74-B4EFA14B4D90}
	EndProjectSection
EndProject
Global
	GlobalSection(SolutionConfigurationPlatforms) = preSolution
		Debug|Any CPU = Debug|Any CPU
		Release|Any CPU = Release|Any CPU
	EndGlobalSection
	GlobalSection(ProjectConfigurationPlatforms) = postSolution
		{3B348AEA-B9E7-4D56-A140-5A6451BF4D57}.Debug|Any CPU.ActiveCfg = Debug|Any CPU
		{3B348AEA-B9E7-4D56-A140-5A6451BF4D57}.Debug|Any CPU.Build.0 = Debug|Any CPU
		{3B348AEA-B9E7-4D56-A140-5A6451BF4D57}.Release|Any CPU.ActiveCfg = Release|Any CPU
		{3B348AEA-B9E7-4D56-A140-5A6451BF4D57}.Release|Any CPU.Build.0 = Release|Any CPU
		{5FADB7FD-B6DD-43F0-B281-1805F3A230E5}.Debug|Any CPU.ActiveCfg = Debug|Any CPU
		{5FADB7FD-B6DD-43F0-B281-1805F3A230E5}.Debug|Any CPU.Build.0 = Debug|Any CPU
		{5FADB7FD-B6DD-43F0-B281-1805F3A230E5}.Release|Any CPU.ActiveCfg = Release|Any CPU
		{5FADB7FD-B6DD-43F0-B281-1805F3A230E5}.Release|Any CPU.Build.0 = Release|Any CPU
		{0913C310-BD71-4EED-BD41-6327EDF22FD0}.Debug|Any CPU.ActiveCfg = Debug|Any CPU
		{0913C310-BD71-4EED-BD41-6327EDF22FD0}.Debug|Any CPU.Build.0 = Debug|Any CPU
		{0913C310-BD71-4EED-BD41-6327EDF22FD0}.Release|Any CPU.ActiveCfg = Release|Any CPU
		{0913C310-BD71-4EED-BD41-6327EDF22FD0}.Release|Any CPU.Build.0 = Release|Any CPU
		{B6D4C57B-21F0-47DB-8F89-B6FF510E13BC}.Debug|Any CPU.ActiveCfg = Debug|Any CPU
		{B6D4C57B-21F0-47DB-8F89-B6FF510E13BC}.Debug|Any CPU.Build.0 = Debug|Any CPU
		{B6D4C57B-21F0-47DB-8F89-B6FF510E13BC}.Release|Any CPU.ActiveCfg = Release|Any CPU
		{B6D4C57B-21F0-47DB-8F89-B6FF510E13BC}.Release|Any CPU.Build.0 = Release|Any CPU
		{806B2445-4172-4E67-AD13-DA812612ED2C}.Debug|Any CPU.ActiveCfg = Debug|Any CPU
		{806B2445-4172-4E67-AD13-DA812612ED2C}.Debug|Any CPU.Build.0 = Debug|Any CPU
		{806B2445-4172-4E67-AD13-DA812612ED2C}.Release|Any CPU.ActiveCfg = Release|Any CPU
		{806B2445-4172-4E67-AD13-DA812612ED2C}.Release|Any CPU.Build.0 = Release|Any CPU
		{6A1E6AC1-4FC2-444B-9044-C42E71F7A3CA}.Debug|Any CPU.ActiveCfg = Debug|Any CPU
		{6A1E6AC1-4FC2-444B-9044-C42E71F7A3CA}.Debug|Any CPU.Build.0 = Debug|Any CPU
		{6A1E6AC1-4FC2-444B-9044-C42E71F7A3CA}.Release|Any CPU.ActiveCfg = Release|Any CPU
		{6A1E6AC1-4FC2-444B-9044-C42E71F7A3CA}.Release|Any CPU.Build.0 = Release|Any CPU
		{8D45DF33-6EA3-4824-9718-4DAF5A654577}.Debug|Any CPU.ActiveCfg = Debug|Any CPU
		{8D45DF33-6EA3-4824-9718-4DAF5A654577}.Debug|Any CPU.Build.0 = Debug|Any CPU
		{8D45DF33-6EA3-4824-9718-4DAF5A654577}.Release|Any CPU.ActiveCfg = Release|Any CPU
		{8D45DF33-6EA3-4824-9718-4DAF5A654577}.Release|Any CPU.Build.0 = Release|Any CPU
		{77D70BC2-13D7-4F4E-8E59-C8CC78C0B782}.Debug|Any CPU.ActiveCfg = Debug|Any CPU
		{77D70BC2-13D7-4F4E-8E59-C8CC78C0B782}.Debug|Any CPU.Build.0 = Debug|Any CPU
		{77D70BC2-13D7-4F4E-8E59-C8CC78C0B782}.Release|Any CPU.ActiveCfg = Release|Any CPU
		{77D70BC2-13D7-4F4E-8E59-C8CC78C0B782}.Release|Any CPU.Build.0 = Release|Any CPU
		{505DBD55-72B8-4503-AA74-B4EFA14B4D90}.Debug|Any CPU.ActiveCfg = Debug|Any CPU
		{505DBD55-72B8-4503-AA74-B4EFA14B4D90}.Debug|Any CPU.Build.0 = Debug|Any CPU
		{505DBD55-72B8-4503-AA74-B4EFA14B4D90}.Release|Any CPU.ActiveCfg = Release|Any CPU
		{505DBD55-72B8-4503-AA74-B4EFA14B4D90}.Release|Any CPU.Build.0 = Release|Any CPU
		{07C6724E-9A38-464D-A94F-BF7C9B8FF6F2}.Debug|Any CPU.ActiveCfg = Debug|Any CPU
		{07C6724E-9A38-464D-A94F-BF7C9B8FF6F2}.Debug|Any CPU.Build.0 = Debug|Any CPU
		{07C6724E-9A38-464D-A94F-BF7C9B8FF6F2}.Release|Any CPU.ActiveCfg = Release|Any CPU
		{07C6724E-9A38-464D-A94F-BF7C9B8FF6F2}.Release|Any CPU.Build.0 = Release|Any CPU
	EndGlobalSection
	GlobalSection(SolutionProperties) = preSolution
		HideSolutionNode = FALSE
	EndGlobalSection
	GlobalSection(NestedProjects) = preSolution
		{3B348AEA-B9E7-4D56-A140-5A6451BF4D57} = {92F15184-527C-4033-AA18-362161B6E69C}
		{5FADB7FD-B6DD-43F0-B281-1805F3A230E5} = {7C561D9E-1916-48BE-A689-9397009179A2}
		{0913C310-BD71-4EED-BD41-6327EDF22FD0} = {126F19CF-48D1-4CA7-9D75-CF339A832B70}
		{B6D4C57B-21F0-47DB-8F89-B6FF510E13BC} = {CF6C7DDE-5464-4A8B-8AB4-0C19528E5BA8}
		{806B2445-4172-4E67-AD13-DA812612ED2C} = {253F991C-A7CA-4078-9057-7EC45700842E}
		{6A1E6AC1-4FC2-444B-9044-C42E71F7A3CA} = {1E865531-E806-42EE-AA97-C3D82F18E00D}
		{8D45DF33-6EA3-4824-9718-4DAF5A654577} = {91581861-30E8-4612-942E-54B047E326EC}
		{77D70BC2-13D7-4F4E-8E59-C8CC78C0B782} = {253F991C-A7CA-4078-9057-7EC45700842E}
		{57E62DCB-BCAE-4FDE-B5FF-D2118E2332E9} = {6BF9271C-BF56-42AC-A1A3-D1C65A83D513}
		{9637B828-28B3-4DA9-9AC4-5837F7595B0E} = {6BF9271C-BF56-42AC-A1A3-D1C65A83D513}
		{505DBD55-72B8-4503-AA74-B4EFA14B4D90} = {57E62DCB-BCAE-4FDE-B5FF-D2118E2332E9}
		{07C6724E-9A38-464D-A94F-BF7C9B8FF6F2} = {9637B828-28B3-4DA9-9AC4-5837F7595B0E}
	EndGlobalSection
	GlobalSection(ExtensibilityGlobals) = postSolution
		SolutionGuid = {0450A32A-1204-4E8B-BED4-FE495ADB24B4}
	EndGlobalSection
EndGlobal
